<?xml version="1.0" encoding="UTF-8" standalone="yes" ?>
<CodeBlocks_project_file>
	<FileVersion major="1" minor="6" />
	<Project>
		<Option title="AIBATCH" />
		<Option pch_mode="2" />
		<Option compiler="gcc" />
		<Build>
			<Target title="Debug">
				<Option output="bin/Debug/AIBATCH" prefix_auto="1" extension_auto="1" />
				<Option object_output="obj/Debug/" />
				<Option type="1" />
				<Option compiler="gcc" />
				<Compiler>
					<Add option="-g" />
				</Compiler>
			</Target>
			<Target title="Release">
				<Option output="bin/Release/AIBATCH" prefix_auto="1" extension_auto="1" />
				<Option object_output="obj/Release/" />
				<Option type="1" />
				<Option compiler="gcc" />
				<Compiler>
					<Add option="-O2" />
				</Compiler>
				<Linker>
					<Add option="-s" />
				</Linker>
			</Target>
		</Build>
		<Compiler>
			<Add option="-Wall" />
		</Compiler>
		<Unit filename="ADDITION.C">
			<Option compilerVar="CC" />
		</Unit>
		<Unit filename="SUBTRACTION.C">
			<Option compilerVar="CC" />
		</Unit>
		<Unit filename="dicrement.c">
			<Option compilerVar="CC" />
		</Unit>
		<Unit filename="divition.c">
			<Option compilerVar="CC" />
		</Unit>
		<Unit filename="geta.c">
			<Option compilerVar="CC" />
		</Unit>
		<Unit filename="increment.c">
			<Option compilerVar="CC" />
		</Unit>
		<Unit filename="logigal.c">
			<Option compilerVar="CC" />
		</Unit>
		<Unit filename="main.c">
			<Option compilerVar="CC" />
		</Unit>
		<Unit filename="modulus.c">
			<Option compilerVar="CC" />
		</Unit>
		<Unit filename="multiply.c">
			<Option compilerVar="CC" />
		</Unit>
		<Unit filename="while.c">
			<Option compilerVar="CC" />
		</Unit>
		<Extensions>
			<lib_finder disable_auto="1" />
		</Extensions>
	</Project>
</CodeBlocks_project_file>
